
Microsoft Visual Studio Solution File, Format Version 11.00
# Visual Studio 2010
Project("{FAE04EC0-301F-11D3-BF4B-00C04F79EFBC}") = "OneMethod", "OneMethod\OneMethod.csproj", "{B719D8A6-5F0F-44EB-8EE3-841FA0C4DFC4}"
EndProject
Global
	GlobalSection(SolutionConfigurationPlatforms) = preSolution
		Debug|x86 = Debug|x86
		Release|x86 = Release|x86
	EndGlobalSection
	GlobalSection(ProjectConfigurationPlatforms) = postSolution
		{B719D8A6-5F0F-44EB-8EE3-841FA0C4DFC4}.Debug|x86.ActiveCfg = Debug|x86
		{B719D8A6-5F0F-44EB-8EE3-841FA0C4DFC4}.Debug|x86.Build.0 = Debug|x86
		{B719D8A6-5F0F-44EB-8EE3-841FA0C4DFC4}.Release|x86.ActiveCfg = Release|x86
		{B719D8A6-5F0F-44EB-8EE3-841FA0C4DFC4}.Release|x86.Build.0 = Release|x86
	EndGlobalSection
	GlobalSection(SolutionProperties) = preSolution
		HideSolutionNode = FALSE
	EndGlobalSection
EndGlobal
