
Microsoft Visual Studio Solution File, Format Version 11.00
# Visual Studio 2010
Project("{FAE04EC0-301F-11D3-BF4B-00C04F79EFBC}") = "Array", "Array\Array.csproj", "{C6D49349-F63B-41F3-94D5-36AB02AE24DC}"
EndProject
Global
	GlobalSection(SolutionConfigurationPlatforms) = preSolution
		Debug|x86 = Debug|x86
		Release|x86 = Release|x86
	EndGlobalSection
	GlobalSection(ProjectConfigurationPlatforms) = postSolution
		{C6D49349-F63B-41F3-94D5-36AB02AE24DC}.Debug|x86.ActiveCfg = Debug|x86
		{C6D49349-F63B-41F3-94D5-36AB02AE24DC}.Debug|x86.Build.0 = Debug|x86
		{C6D49349-F63B-41F3-94D5-36AB02AE24DC}.Release|x86.ActiveCfg = Release|x86
		{C6D49349-F63B-41F3-94D5-36AB02AE24DC}.Release|x86.Build.0 = Release|x86
	EndGlobalSection
	GlobalSection(SolutionProperties) = preSolution
		HideSolutionNode = FALSE
	EndGlobalSection
EndGlobal
