
Microsoft Visual Studio Solution File, Format Version 11.00
# Visual Studio 2010
Project("{FAE04EC0-301F-11D3-BF4B-00C04F79EFBC}") = "Split_2", "Split_2\Split_2.csproj", "{34B11FF1-8345-4A1F-BC51-C75234FD15A6}"
EndProject
Global
	GlobalSection(SolutionConfigurationPlatforms) = preSolution
		Debug|x86 = Debug|x86
		Release|x86 = Release|x86
	EndGlobalSection
	GlobalSection(ProjectConfigurationPlatforms) = postSolution
		{34B11FF1-8345-4A1F-BC51-C75234FD15A6}.Debug|x86.ActiveCfg = Debug|x86
		{34B11FF1-8345-4A1F-BC51-C75234FD15A6}.Debug|x86.Build.0 = Debug|x86
		{34B11FF1-8345-4A1F-BC51-C75234FD15A6}.Release|x86.ActiveCfg = Release|x86
		{34B11FF1-8345-4A1F-BC51-C75234FD15A6}.Release|x86.Build.0 = Release|x86
	EndGlobalSection
	GlobalSection(SolutionProperties) = preSolution
		HideSolutionNode = FALSE
	EndGlobalSection
EndGlobal
