
Microsoft Visual Studio Solution File, Format Version 11.00
# Visual Studio 2010
Project("{FAE04EC0-301F-11D3-BF4B-00C04F79EFBC}") = "is_keyword", "is_keyword\is_keyword.csproj", "{E38A94E4-D5F0-4A12-88F1-E8B5B12E118E}"
EndProject
Global
	GlobalSection(SolutionConfigurationPlatforms) = preSolution
		Debug|x86 = Debug|x86
		Release|x86 = Release|x86
	EndGlobalSection
	GlobalSection(ProjectConfigurationPlatforms) = postSolution
		{E38A94E4-D5F0-4A12-88F1-E8B5B12E118E}.Debug|x86.ActiveCfg = Debug|x86
		{E38A94E4-D5F0-4A12-88F1-E8B5B12E118E}.Debug|x86.Build.0 = Debug|x86
		{E38A94E4-D5F0-4A12-88F1-E8B5B12E118E}.Release|x86.ActiveCfg = Release|x86
		{E38A94E4-D5F0-4A12-88F1-E8B5B12E118E}.Release|x86.Build.0 = Release|x86
	EndGlobalSection
	GlobalSection(SolutionProperties) = preSolution
		HideSolutionNode = FALSE
	EndGlobalSection
EndGlobal
