
Microsoft Visual Studio Solution File, Format Version 11.00
# Visual Studio 2010
Project("{FAE04EC0-301F-11D3-BF4B-00C04F79EFBC}") = "DateTime2", "DateTime2\DateTime2.csproj", "{0471F449-6079-433B-9784-67B198DFD598}"
EndProject
Global
	GlobalSection(SolutionConfigurationPlatforms) = preSolution
		Debug|x86 = Debug|x86
		Release|x86 = Release|x86
	EndGlobalSection
	GlobalSection(ProjectConfigurationPlatforms) = postSolution
		{0471F449-6079-433B-9784-67B198DFD598}.Debug|x86.ActiveCfg = Debug|x86
		{0471F449-6079-433B-9784-67B198DFD598}.Debug|x86.Build.0 = Debug|x86
		{0471F449-6079-433B-9784-67B198DFD598}.Release|x86.ActiveCfg = Release|x86
		{0471F449-6079-433B-9784-67B198DFD598}.Release|x86.Build.0 = Release|x86
	EndGlobalSection
	GlobalSection(SolutionProperties) = preSolution
		HideSolutionNode = FALSE
	EndGlobalSection
EndGlobal
